
Microsoft Visual Studio Solution File, Format Version 12.00
# Visual Studio Version 17
VisualStudioVersion = 17.14.36127.28 d17.14
MinimumVisualStudioVersion = 10.0.40219.1
Project("{FAE04EC0-301F-11D3-BF4B-00C04F79EFBC}") = "Practical tasks", "Practical tasks.csproj", "{A8595682-D18C-4B3E-83EF-D40C9C00B060}"
EndProject
Global
	GlobalSection(SolutionConfigurationPlatforms) = preSolution
		Debug|Any CPU = Debug|Any CPU
		Release|Any CPU = Release|Any CPU
	EndGlobalSection
	GlobalSection(ProjectConfigurationPlatforms) = postSolution
		{A8595682-D18C-4B3E-83EF-D40C9C00B060}.Debug|Any CPU.ActiveCfg = Debug|Any CPU
		{A8595682-D18C-4B3E-83EF-D40C9C00B060}.Debug|Any CPU.Build.0 = Debug|Any CPU
		{A8595682-D18C-4B3E-83EF-D40C9C00B060}.Release|Any CPU.ActiveCfg = Release|Any CPU
		{A8595682-D18C-4B3E-83EF-D40C9C00B060}.Release|Any CPU.Build.0 = Release|Any CPU
	EndGlobalSection
	GlobalSection(SolutionProperties) = preSolution
		HideSolutionNode = FALSE
	EndGlobalSection
	GlobalSection(ExtensibilityGlobals) = postSolution
		SolutionGuid = {F91B2241-DDA4-4184-BB83-B866BA4BEFBD}
	EndGlobalSection
EndGlobal
